
Microsoft Visual Studio Solution File, Format Version 12.00
# Visual Studio Version 16
VisualStudioVersion = 16.0.30804.86
MinimumVisualStudioVersion = 10.0.40219.1
Project("{FAE04EC0-301F-11D3-BF4B-00C04F79EFBC}") = "WebApplication", "WebApplication\WebApplication.csproj", "{482462CF-07DD-4DF6-9C63-4055B808DAD2}"
EndProject
Global
	GlobalSection(SolutionConfigurationPlatforms) = preSolution
		Debug|Any CPU = Debug|Any CPU
		Release|Any CPU = Release|Any CPU
	EndGlobalSection
	GlobalSection(ProjectConfigurationPlatforms) = postSolution
		{482462CF-07DD-4DF6-9C63-4055B808DAD2}.Debug|Any CPU.ActiveCfg = Debug|Any CPU
		{482462CF-07DD-4DF6-9C63-4055B808DAD2}.Debug|Any CPU.Build.0 = Debug|Any CPU
		{482462CF-07DD-4DF6-9C63-4055B808DAD2}.Release|Any CPU.ActiveCfg = Release|Any CPU
		{482462CF-07DD-4DF6-9C63-4055B808DAD2}.Release|Any CPU.Build.0 = Release|Any CPU
	EndGlobalSection
	GlobalSection(SolutionProperties) = preSolution
		HideSolutionNode = FALSE
	EndGlobalSection
	GlobalSection(ExtensibilityGlobals) = postSolution
		SolutionGuid = {0A6E4653-7B87-4ECA-85F0-23261E9EBB07}
	EndGlobalSection
EndGlobal
